
Microsoft Visual Studio Solution File, Format Version 12.00
# Visual Studio 15
VisualStudioVersion = 15.0.28307.102
MinimumVisualStudioVersion = 10.0.40219.1
Project("{FAE04EC0-301F-11D3-BF4B-00C04F79EFBC}") = "RevitExporter", "RevitExporter\RevitExporter.csproj", "{8CC7F2B8-C192-412A-8BD3-E47515296E9E}"
EndProject
Global
	GlobalSection(SolutionConfigurationPlatforms) = preSolution
		Debug|Any CPU = Debug|Any CPU
		Release|Any CPU = Release|Any CPU
	EndGlobalSection
	GlobalSection(ProjectConfigurationPlatforms) = postSolution
		{8CC7F2B8-C192-412A-8BD3-E47515296E9E}.Debug|Any CPU.ActiveCfg = Debug|Any CPU
		{8CC7F2B8-C192-412A-8BD3-E47515296E9E}.Debug|Any CPU.Build.0 = Debug|Any CPU
		{8CC7F2B8-C192-412A-8BD3-E47515296E9E}.Release|Any CPU.ActiveCfg = Release|Any CPU
		{8CC7F2B8-C192-412A-8BD3-E47515296E9E}.Release|Any CPU.Build.0 = Release|Any CPU
	EndGlobalSection
	GlobalSection(SolutionProperties) = preSolution
		HideSolutionNode = FALSE
	EndGlobalSection
	GlobalSection(ExtensibilityGlobals) = postSolution
		SolutionGuid = {23506B88-0CF2-42DE-B953-9288A3A1F812}
	EndGlobalSection
EndGlobal
